<?xml version="1.0" encoding="utf-8"?>
<Project ToolsVersion="4.0" xmlns="http://schemas.microsoft.com/developer/msbuild/2003">
  <ItemGroup>
    <Filter Include="Source Files">
      <UniqueIdentifier>{4FC737F1-C7A5-4376-A066-2A32D752A2FF}</UniqueIdentifier>
      <Extensions>cpp;c;cc;cxx;c++;cppm;ixx;def;odl;idl;hpj;bat;asm;asmx</Extensions>
    </Filter>
    <Filter Include="Header Files">
      <UniqueIdentifier>{93995380-89BD-4b04-88EB-625FBE52EBFB}</UniqueIdentifier>
      <Extensions>h;hh;hpp;hxx;h++;hm;inl;inc;ipp;xsd</Extensions>
    </Filter>
    <Filter Include="Resource Files">
      <UniqueIdentifier>{67DA6AB6-F800-4c08-8B7A-83BB121AAD01}</UniqueIdentifier>
      <Extensions>rc;ico;cur;bmp;dlg;rc2;rct;bin;rgs;gif;jpg;jpeg;jpe;resx;tiff;tif;png;wav;mfcribbon-ms</Extensions>
    </Filter>
  </ItemGroup>
  <ItemGroup>
    <ClCompile Include="src\glad.c">
      <Filter>Source Files</Filter>
    </ClCompile>
    <ClCompile Include="src\Stinky\Shader.cpp">
      <Filter>Source Files</Filter>
    </ClCompile>
    <ClCompile Include="main.cpp">
      <Filter>Source Files</Filter>
    </ClCompile>
    <ClCompile Include="src\Models\VAO.cpp">
      <Filter>Source Files</Filter>
    </ClCompile>
    <ClCompile Include="src\Models\VBO.cpp">
      <Filter>Source Files</Filter>
    </ClCompile>
    <ClCompile Include="src\Models\EBO.cpp">
      <Filter>Source Files</Filter>
    </ClCompile>
    <ClCompile Include="src\Models\DrawElementManager.cpp">
      <Filter>Source Files</Filter>
    </ClCompile>
    <ClCompile Include="src\Stinky\Window.cpp">
      <Filter>Source Files</Filter>
    </ClCompile>
    <ClCompile Include="src\Stinky\GraphicEngine.cpp">
      <Filter>Source Files</Filter>
    </ClCompile>
    <ClCompile Include="src\Stinky\Camera.cpp">
      <Filter>Source Files</Filter>
    </ClCompile>
    <ClCompile Include="src\Stinky\Math\Matrix.cpp">
      <Filter>Source Files</Filter>
    </ClCompile>
    <ClCompile Include="src\Stinky\Draw.cpp">
      <Filter>Source Files</Filter>
    </ClCompile>
    <ClCompile Include="src\Stinky\Image.cpp">
      <Filter>Source Files</Filter>
    </ClCompile>
    <ClCompile Include="src\Models\Texture.cpp">
      <Filter>Source Files</Filter>
    </ClCompile>
  </ItemGroup>
  <ItemGroup>
    <ClInclude Include="src\Stinky\Shader.hpp">
      <Filter>Header Files</Filter>
    </ClInclude>
    <ClInclude Include="src\Models\VAO.hpp">
      <Filter>Header Files</Filter>
    </ClInclude>
    <ClInclude Include="src\Models\VBO.hpp">
      <Filter>Header Files</Filter>
    </ClInclude>
    <ClInclude Include="src\Models\EBO.hpp">
      <Filter>Header Files</Filter>
    </ClInclude>
    <ClInclude Include="src\Models\ModelElements.hpp">
      <Filter>Header Files</Filter>
    </ClInclude>
    <ClInclude Include="src\Models\DrawElementManager.hpp">
      <Filter>Header Files</Filter>
    </ClInclude>
    <ClInclude Include="src\Models\DrawElement.hpp">
      <Filter>Header Files</Filter>
    </ClInclude>
    <ClInclude Include="src\Stinky\Window.hpp">
      <Filter>Header Files</Filter>
    </ClInclude>
    <ClInclude Include="src\Stinky\Color.hpp">
      <Filter>Header Files</Filter>
    </ClInclude>
    <ClInclude Include="src\Stinky\GraphicEngine.hpp">
      <Filter>Header Files</Filter>
    </ClInclude>
    <ClInclude Include="src\Stinky\Camera.hpp">
      <Filter>Header Files</Filter>
    </ClInclude>
    <ClInclude Include="src\Stinky\Math\Angle.hpp">
      <Filter>Header Files</Filter>
    </ClInclude>
    <ClInclude Include="src\Stinky\Math\Matrix.hpp">
      <Filter>Header Files</Filter>
    </ClInclude>
    <ClInclude Include="src\Stinky\Model.hpp">
      <Filter>Header Files</Filter>
    </ClInclude>
    <ClInclude Include="src\Stinky\Draw.hpp">
      <Filter>Header Files</Filter>
    </ClInclude>
    <ClInclude Include="src\Stinky\Models.hpp">
      <Filter>Header Files</Filter>
    </ClInclude>
    <ClInclude Include="src\Stinky\Shaders.hpp">
      <Filter>Header Files</Filter>
    </ClInclude>
    <ClInclude Include="src\Stinky\Image.hpp">
      <Filter>Header Files</Filter>
    </ClInclude>
    <ClInclude Include="src\Models\Texture.hpp">
      <Filter>Header Files</Filter>
    </ClInclude>
    <ClInclude Include="src\Stinky\Stinky.hpp">
      <Filter>Header Files</Filter>
    </ClInclude>
    <ClInclude Include="src\Stinky\Math.hpp">
      <Filter>Header Files</Filter>
    </ClInclude>
    <ClInclude Include="src\Stinky\FrameReferences.hpp">
      <Filter>Header Files</Filter>
    </ClInclude>
    <ClInclude Include="src\Stinky\Environment.hpp">
      <Filter>Header Files</Filter>
    </ClInclude>
  </ItemGroup>
  <ItemGroup>
    <None Include="src\Shaders\instancing.vert" />
    <None Include="src\Shaders\instancing.frag" />
    <None Include="src\Shaders\texture.vert" />
    <None Include="src\Shaders\texture.frag" />
  </ItemGroup>
</Project>